<?xml version="1.0" encoding="utf-8"?>
<Project ToolsVersion="4.0" xmlns="http://schemas.microsoft.com/developer/msbuild/2003">
  <ItemGroup>
    <Filter Include="Entity">
      <UniqueIdentifier>{B1000000-0000-0000-0000-000000000001}</UniqueIdentifier>
    </Filter>
    <Filter Include="AI">
      <UniqueIdentifier>{B1000000-0000-0000-0000-000000000002}</UniqueIdentifier>
    </Filter>
    <Filter Include="World">
      <UniqueIdentifier>{B1000000-0000-0000-0000-000000000003}</UniqueIdentifier>
    </Filter>
    <Filter Include="Network">
      <UniqueIdentifier>{B1000000-0000-0000-0000-000000000004}</UniqueIdentifier>
    </Filter>
    <Filter Include="Data">
      <UniqueIdentifier>{B1000000-0000-0000-0000-000000000005}</UniqueIdentifier>
    </Filter>
  </ItemGroup>
  <ItemGroup>
    <ClCompile Include="main.cpp" />
    <ClCompile Include="Player.cpp">
      <Filter>Entity</Filter>
    </ClCompile>
    <ClCompile Include="PlayerManager.cpp">
      <Filter>Entity</Filter>
    </ClCompile>
    <ClCompile Include="Monster.cpp">
      <Filter>Entity</Filter>
    </ClCompile>
    <ClCompile Include="MonsterManager.cpp">
      <Filter>Entity</Filter>
    </ClCompile>
    <ClCompile Include="MonsterStates.cpp">
      <Filter>AI</Filter>
    </ClCompile>
    <ClCompile Include="Zone.cpp">
      <Filter>World</Filter>
    </ClCompile>
    <ClCompile Include="ZoneManager.cpp">
      <Filter>World</Filter>
    </ClCompile>
    <ClCompile Include="MapManager.cpp">
      <Filter>World</Filter>
    </ClCompile>
    <ClCompile Include="GameSession.cpp">
      <Filter>Network</Filter>
    </ClCompile>
    <ClCompile Include="GamePacketHandler.cpp">
      <Filter>Network</Filter>
    </ClCompile>
    <ClCompile Include="GamePacketRegister.cpp">
      <Filter>Network</Filter>
    </ClCompile>
    <ClCompile Include="ResourceManager.cpp">
      <Filter>Data</Filter>
    </ClCompile>
  </ItemGroup>
  <ItemGroup>
    <ClInclude Include="GameObject.h">
      <Filter>Entity</Filter>
    </ClInclude>
    <ClInclude Include="Unit.h">
      <Filter>Entity</Filter>
    </ClInclude>
    <ClInclude Include="Npc.h">
      <Filter>Entity</Filter>
    </ClInclude>
    <ClInclude Include="Player.h">
      <Filter>Entity</Filter>
    </ClInclude>
    <ClInclude Include="PlayerManager.h">
      <Filter>Entity</Filter>
    </ClInclude>
    <ClInclude Include="Monster.h">
      <Filter>Entity</Filter>
    </ClInclude>
    <ClInclude Include="MonsterManager.h">
      <Filter>Entity</Filter>
    </ClInclude>
    <ClInclude Include="FSM.h">
      <Filter>AI</Filter>
    </ClInclude>
    <ClInclude Include="MonsterStates.h">
      <Filter>AI</Filter>
    </ClInclude>
    <ClInclude Include="Zone.h">
      <Filter>World</Filter>
    </ClInclude>
    <ClInclude Include="ZoneManager.h">
      <Filter>World</Filter>
    </ClInclude>
    <ClInclude Include="MapManager.h">
      <Filter>World</Filter>
    </ClInclude>
    <ClInclude Include="GameSession.h">
      <Filter>Network</Filter>
    </ClInclude>
    <ClInclude Include="GamePacketHandler.h">
      <Filter>Network</Filter>
    </ClInclude>
    <ClInclude Include="ResourceManager.h">
      <Filter>Data</Filter>
    </ClInclude>
    <ClInclude Include="MonsterTemplate.h">
      <Filter>Data</Filter>
    </ClInclude>
    <ClInclude Include="SpawnEntry.h">
      <Filter>Data</Filter>
    </ClInclude>
  </ItemGroup>
</Project>
